{
    "name": "gitflow",
    "version": "1.1.2",
    "lockfileVersion": 1,
    "requires": true,
    "dependencies": {
        "@types/mocha": {
            "version": "2.2.48",
            "resolved": "https://registry.npmjs.org/@types/mocha/-/mocha-2.2.48.tgz",
            "integrity": "sha512-nlK/iyETgafGli8Zh9zJVCTicvU3iajSkRwOh3Hhiva598CMqNJ4NcVCGMTGKpGpTYj/9R8RLzS9NAykSSCqGw==",
            "dev": true
        },
        "@types/node": {
    "version": "7.0.59",
            "resolved": "https://registry.npmjs.org/@types/node/-/node-7.0.59.tgz",
            "integrity": "sha512-FRRJ2hkgzySTgLnwQhXQCGkLRu1ImISVu/YKYWXCIbF6261nqXwDPQ+6xPzZw+c2Il2Zx2JfM/t0tCaw8wzbmA==",
            "dev": true
        },
        "ajv": {
            "version": "5.5.2",
