{
    "name": "gitflow",
    "version": "1.1.2",
    "lockfileVersion": 1,
    "requires": true,
    "dependencies": {
        "@types/mocha": {
            "version": "2.2.48",
            "resolved": "https://registry.npmjs.org/@types/mocha/-/mocha-2.2.48.tgz",
            "integrity": "sha512-nlK/iyETgafGli8Zh9zJVCTicvU3iajSkRwOh3Hhiva598CMqNJ4NcVCGMTGKpGpTYj/9R8RLzS9NAykSSCqGw==",
            "dev": true
        },
        "@types/node": {
    "version": "7.0.59",
            "resolved": "https://registry.npmjs.org/@types/node/-/node-7.0.59.tgz",
            "integrity": "sha512-FRRJ2hkgzySTgLnwQhXQCGkLRu1ImISVu/YKYWXCIbF6261nqXwDPQ+6xPzZw+c2Il2Zx2JfM/t0tCaw8wzbmA==",
            "dev": true
        },
        "ajv": {
            "version": "5.5.2",
            "resolved": "https://registry.npmjs.org/ajv/-/ajv-5.5.2.tgz",
            "integrity": "sha1-c7Xuyj+rZT49P5Qis0GtQiBdyWU=",
            "dev": true,
            "requires": {
                "co": "4.6.0",
                "fast-deep-equal": "1.1.0",
                "fast-json-stable-stringify": "2.0.0",
                "json-schema-traverse": "0.3.1"
            }
        },
        "ansi-cyan": {
            "version": "0.1.1",
            "resolved": "https://registry.npmjs.org/ansi-cyan/-/ansi-cyan-0.1.1.tgz",
            "integrity": "sha1-U4rlKK+JgvKK4w2G8vF0VtJgmHM=",
            "dev": true,
            "requires": {
                "ansi-wrap": "0.1.0"
            }
        },
        "ansi-gray": {
            "version": "0.1.1",
            "resolved": "https://registry.npmjs.org/ansi-gray/-/ansi-gray-0.1.1.tgz",
            "integrity": "sha1-KWLPVOyXksSFEKPetSRDaGHvclE=",
            "dev": true,
            "requires": {
                "ansi-wrap": "0.1.0"
            }
        },
        "ansi-red": {
            "version": "0.1.1",
            "resolved": "https://registry.npmjs.org/ansi-red/-/ansi-red-0.1.1.tgz",
            "integrity": "sha1-jGOPnRCAgAo1PJwoyKgcpHBdlGw=",
            "dev": true,
            "requires": {
                "ansi-wrap": "0.1.0"
            }
        },
        "ansi-regex": {
            "version": "2.1.1",
            "resolved": "https://registry.npmjs.org/ansi-regex/-/ansi-regex-2.1.1.tgz",
            "integrity": "sha1-w7M6te42DYbg5ijwRorn7yfWVN8=",
            "dev": true
        },
        "ansi-styles": {
            "version": "2.2.1",
            "resolved": "https://registry.npmjs.org/ansi-styles/-/ansi-styles-2.2.1.tgz",
            "integrity": "sha1-tDLdM1i2NM914eRmQ2gkBTPB3b4=",
            "dev": true
        },
        "ansi-wrap": {
            "version": "0.1.0",
            "resolved": "https://registry.npmjs.org/ansi-wrap/-/ansi-wrap-0.1.0.tgz",
            "integrity": "sha1-qCJQ3bABXponyoLoLqYDu/pF768=",
            "dev": true
        },
        "arr-diff": {
            "version": "1.1.0",
            "resolved": "https://registry.npmjs.org/arr-diff/-/arr-diff-1.1.0.tgz",
            "integrity": "sha1-aHwydYFjWI/vfeezb6vklesaOZo=",
            "dev": true,
            "requires": {
                "arr-flatten": "1.1.0",
                "array-slice": "0.2.3"
            }
        },
        "arr-flatten": {
            "version": "1.1.0",
            "resolved": "https://registry.npmjs.org/arr-flatten/-/arr-flatten-1.1.0.tgz",
            "integrity": "sha512-L3hKV5R/p5o81R7O02IGnwpDmkp6E982XhtbuwSe3O4qOtMMMtodicASA1Cny2U+aCXcNpml+m4dPsvsJ3jatg==",
            "dev": true
        },
        "arr-union": {
            "version": "2.1.0",
            "resolved": "https://registry.npmjs.org/arr-union/-/arr-union-2.1.0.tgz",
            "integrity": "sha1-IPnqtexw9cfSFbEHexw5Fh0pLH0=",
            "dev": true
        },
        "array-differ": {
            "version": "1.0.0",
            "resolved": "https://registry.npmjs.org/array-differ/-/array-differ-1.0.0.tgz",
            "integrity": "sha1-7/UuN1gknTO+QCuLuOVkuytdQDE=",
            "dev": true
        },
        "array-slice": {
            "version": "0.2.3",
            "resolved": "https://registry.npmjs.org/array-slice/-/array-slice-0.2.3.tgz",
            "integrity": "sha1-3Tz7gO15c6dRF82sabC5nshhhvU=",
            "dev": true
        },
        "array-union": {
            "version": "1.0.2",
            "resolved": "https://registry.npmjs.org/array-union/-/array-union-1.0.2.tgz",
            "integrity": "sha1-mjRBDk9OPaI96jdb5b5w8kd47Dk=",
            "dev": true,
            "requires": {
                "array-uniq": "1.0.3"
            }
        },
        "array-uniq": {
