{
    "name": "gitflow",
    "version": "1.1.2",
    "lockfileVersion": 1,
    "requires": true,
    "dependencies": {
        "@types/mocha": {
            "version": "2.2.48",
            "resolved": "https://registry.npmjs.org/@types/mocha/-/mocha-2.2.48.tgz",
            "integrity": "sha512-nlK/iyETgafGli8Zh9zJVCTicvU3iajSkRwOh3Hhiva598CMqNJ4NcVCGMTGKpGpTYj/9R8RLzS9NAykSSCqGw==",
            "dev": true
        },
        "@types/node": {
    "version": "7.0.59",
            "resolved": "https://registry.npmjs.org/@types/node/-/node-7.0.59.tgz",
            "integrity": "sha512-FRRJ2hkgzySTgLnwQhXQCGkLRu1ImISVu/YKYWXCIbF6261nqXwDPQ+6xPzZw+c2Il2Zx2JfM/t0tCaw8wzbmA==",
            "dev": true
        },
        "ajv": {
            "version": "5.5.2",
            "resolved": "https://registry.npmjs.org/ajv/-/ajv-5.5.2.tgz",
            "integrity": "sha1-c7Xuyj+rZT49P5Qis0GtQiBdyWU=",
            "dev": true,
            "requires": {
                "co": "4.6.0",
                "fast-deep-equal": "1.1.0",
                "fast-json-stable-stringify": "2.0.0",
                "json-schema-traverse": "0.3.1"
            }
        },
        "ansi-cyan": {
            "version": "0.1.1",
            "resolved": "https://registry.npmjs.org/ansi-cyan/-/ansi-cyan-0.1.1.tgz",
            "integrity": "sha1-U4rlKK+JgvKK4w2G8vF0VtJgmHM=",
            "dev": true,
            "requires": {
                "ansi-wrap": "0.1.0"
            }
        },
        "ansi-gray": {
            "version": "0.1.1",
            "resolved": "https://registry.npmjs.org/ansi-gray/-/ansi-gray-0.1.1.tgz",
            "integrity": "sha1-KWLPVOyXksSFEKPetSRDaGHvclE=",
            "dev": true,
            "requires": {
                "ansi-wrap": "0.1.0"
            }
        },
        "ansi-red": {
            "version": "0.1.1",
            "resolved": "https://registry.npmjs.org/ansi-red/-/ansi-red-0.1.1.tgz",
            "integrity": "sha1-jGOPnRCAgAo1PJwoyKgcpHBdlGw=",
            "dev": true,
            "requires": {
                "ansi-wrap": "0.1.0"
            }
        },
        "ansi-regex": {
